
Microsoft Visual Studio Solution File, Format Version 12.00
# Visual Studio Version 17
VisualStudioVersion = 17.4.33205.214
MinimumVisualStudioVersion = 10.0.40219.1
Project("{FAE04EC0-301F-11D3-BF4B-00C04F79EFBC}") = "LMS_Project", "LMS_Project\LMS_Project.csproj", "{760A1DA3-BB5D-41FD-A62A-81984C128D98}"
EndProject
Project("{FAE04EC0-301F-11D3-BF4B-00C04F79EFBC}") = "BOL", "BOL\BOL.csproj", "{B4BF3B98-1E6F-4592-887A-ABCECA671ED2}"
EndProject
Project("{FAE04EC0-301F-11D3-BF4B-00C04F79EFBC}") = "DAL", "DAL\DAL.csproj", "{26604E65-BB66-46AA-8026-665138748093}"
EndProject
Global
	GlobalSection(SolutionConfigurationPlatforms) = preSolution
		Debug|Any CPU = Debug|Any CPU
		Release|Any CPU = Release|Any CPU
	EndGlobalSection
	GlobalSection(ProjectConfigurationPlatforms) = postSolution
		{760A1DA3-BB5D-41FD-A62A-81984C128D98}.Debug|Any CPU.ActiveCfg = Debug|Any CPU
		{760A1DA3-BB5D-41FD-A62A-81984C128D98}.Debug|Any CPU.Build.0 = Debug|Any CPU
		{760A1DA3-BB5D-41FD-A62A-81984C128D98}.Release|Any CPU.ActiveCfg = Release|Any CPU
		{760A1DA3-BB5D-41FD-A62A-81984C128D98}.Release|Any CPU.Build.0 = Release|Any CPU
		{B4BF3B98-1E6F-4592-887A-ABCECA671ED2}.Debug|Any CPU.ActiveCfg = Debug|Any CPU
		{B4BF3B98-1E6F-4592-887A-ABCECA671ED2}.Debug|Any CPU.Build.0 = Debug|Any CPU
		{B4BF3B98-1E6F-4592-887A-ABCECA671ED2}.Release|Any CPU.ActiveCfg = Release|Any CPU
		{B4BF3B98-1E6F-4592-887A-ABCECA671ED2}.Release|Any CPU.Build.0 = Release|Any CPU
		{26604E65-BB66-46AA-8026-665138748093}.Debug|Any CPU.ActiveCfg = Debug|Any CPU
		{26604E65-BB66-46AA-8026-665138748093}.Debug|Any CPU.Build.0 = Debug|Any CPU
		{26604E65-BB66-46AA-8026-665138748093}.Release|Any CPU.ActiveCfg = Release|Any CPU
		{26604E65-BB66-46AA-8026-665138748093}.Release|Any CPU.Build.0 = Release|Any CPU
	EndGlobalSection
	GlobalSection(SolutionProperties) = preSolution
		HideSolutionNode = FALSE
	EndGlobalSection
	GlobalSection(ExtensibilityGlobals) = postSolution
		SolutionGuid = {74C29FEC-7599-4FB9-96B4-945E5354E8EB}
	EndGlobalSection
EndGlobal
